
Microsoft Visual Studio Solution File, Format Version 12.00
# Visual Studio Version 17
VisualStudioVersion = 17.0.31903.59
MinimumVisualStudioVersion = 10.0.40219.1
Project("{FAE04EC0-301F-11D3-BF4B-00C04F79EFBC}") = "CleanArchMvc.Application", "CleanArchMvc.Application\CleanArchMvc.Application.csproj", "{B12576DD-335F-47AF-B628-48B886F6C41B}"
EndProject
Project("{FAE04EC0-301F-11D3-BF4B-00C04F79EFBC}") = "CleanArchMvc.Domain", "CleanArchMvc.Domain\CleanArchMvc.Domain.csproj", "{D954E00C-7FB9-492B-944B-C3C62294DF00}"
EndProject
Project("{FAE04EC0-301F-11D3-BF4B-00C04F79EFBC}") = "CleanArchMvc.Infra.Data", "CleanArchMvc.Infra.Data\CleanArchMvc.Infra.Data.csproj", "{4BA86FA0-204D-4938-B6AB-C5B0DA6EFE98}"
EndProject
Project("{FAE04EC0-301F-11D3-BF4B-00C04F79EFBC}") = "CleanArchMvc.Infra.IoC", "CleanArchMvc.Infra.IoC\CleanArchMvc.Infra.IoC.csproj", "{32B9EF13-998E-41BE-9ED9-0BBE5AF00BDE}"
EndProject
Project("{FAE04EC0-301F-11D3-BF4B-00C04F79EFBC}") = "CleanArchMvc.WebUI", "CleanArchMvc.WebUI\CleanArchMvc.WebUI.csproj", "{FB58B9C0-6764-4B03-979E-159DB2F610CB}"
EndProject
Project("{FAE04EC0-301F-11D3-BF4B-00C04F79EFBC}") = "CleanArchMvc.Domain.Tests", "CleanArchMvc.Domain.Tests\CleanArchMvc.Domain.Tests.csproj", "{DAA53BFC-6AC6-4318-A83D-1D8CF7610C9D}"
EndProject
Project("{FAE04EC0-301F-11D3-BF4B-00C04F79EFBC}") = "CleanArchMvc.WebAPI", "CleanArchMvc.WebAPI\CleanArchMvc.WebAPI.csproj", "{2E415BAE-3BB2-40C5-9E48-9716A6C700DE}"
EndProject
Global
	GlobalSection(SolutionConfigurationPlatforms) = preSolution
		Debug|Any CPU = Debug|Any CPU
		Release|Any CPU = Release|Any CPU
	EndGlobalSection
	GlobalSection(SolutionProperties) = preSolution
		HideSolutionNode = FALSE
	EndGlobalSection
	GlobalSection(ProjectConfigurationPlatforms) = postSolution
		{B12576DD-335F-47AF-B628-48B886F6C41B}.Debug|Any CPU.ActiveCfg = Debug|Any CPU
		{B12576DD-335F-47AF-B628-48B886F6C41B}.Debug|Any CPU.Build.0 = Debug|Any CPU
		{B12576DD-335F-47AF-B628-48B886F6C41B}.Release|Any CPU.ActiveCfg = Release|Any CPU
		{B12576DD-335F-47AF-B628-48B886F6C41B}.Release|Any CPU.Build.0 = Release|Any CPU
		{D954E00C-7FB9-492B-944B-C3C62294DF00}.Debug|Any CPU.ActiveCfg = Debug|Any CPU
		{D954E00C-7FB9-492B-944B-C3C62294DF00}.Debug|Any CPU.Build.0 = Debug|Any CPU
		{D954E00C-7FB9-492B-944B-C3C62294DF00}.Release|Any CPU.ActiveCfg = Release|Any CPU
		{D954E00C-7FB9-492B-944B-C3C62294DF00}.Release|Any CPU.Build.0 = Release|Any CPU
		{4BA86FA0-204D-4938-B6AB-C5B0DA6EFE98}.Debug|Any CPU.ActiveCfg = Debug|Any CPU
		{4BA86FA0-204D-4938-B6AB-C5B0DA6EFE98}.Debug|Any CPU.Build.0 = Debug|Any CPU
		{4BA86FA0-204D-4938-B6AB-C5B0DA6EFE98}.Release|Any CPU.ActiveCfg = Release|Any CPU
		{4BA86FA0-204D-4938-B6AB-C5B0DA6EFE98}.Release|Any CPU.Build.0 = Release|Any CPU
		{32B9EF13-998E-41BE-9ED9-0BBE5AF00BDE}.Debug|Any CPU.ActiveCfg = Debug|Any CPU
		{32B9EF13-998E-41BE-9ED9-0BBE5AF00BDE}.Debug|Any CPU.Build.0 = Debug|Any CPU
		{32B9EF13-998E-41BE-9ED9-0BBE5AF00BDE}.Release|Any CPU.ActiveCfg = Release|Any CPU
		{32B9EF13-998E-41BE-9ED9-0BBE5AF00BDE}.Release|Any CPU.Build.0 = Release|Any CPU
		{FB58B9C0-6764-4B03-979E-159DB2F610CB}.Debug|Any CPU.ActiveCfg = Debug|Any CPU
		{FB58B9C0-6764-4B03-979E-159DB2F610CB}.Debug|Any CPU.Build.0 = Debug|Any CPU
		{FB58B9C0-6764-4B03-979E-159DB2F610CB}.Release|Any CPU.ActiveCfg = Release|Any CPU
		{FB58B9C0-6764-4B03-979E-159DB2F610CB}.Release|Any CPU.Build.0 = Release|Any CPU
		{DAA53BFC-6AC6-4318-A83D-1D8CF7610C9D}.Debug|Any CPU.ActiveCfg = Debug|Any CPU
		{DAA53BFC-6AC6-4318-A83D-1D8CF7610C9D}.Debug|Any CPU.Build.0 = Debug|Any CPU
		{DAA53BFC-6AC6-4318-A83D-1D8CF7610C9D}.Release|Any CPU.ActiveCfg = Release|Any CPU
		{DAA53BFC-6AC6-4318-A83D-1D8CF7610C9D}.Release|Any CPU.Build.0 = Release|Any CPU
		{2E415BAE-3BB2-40C5-9E48-9716A6C700DE}.Debug|Any CPU.ActiveCfg = Debug|Any CPU
		{2E415BAE-3BB2-40C5-9E48-9716A6C700DE}.Debug|Any CPU.Build.0 = Debug|Any CPU
		{2E415BAE-3BB2-40C5-9E48-9716A6C700DE}.Release|Any CPU.ActiveCfg = Release|Any CPU
		{2E415BAE-3BB2-40C5-9E48-9716A6C700DE}.Release|Any CPU.Build.0 = Release|Any CPU
	EndGlobalSection
EndGlobal
